
Microsoft Visual Studio Solution File, Format Version 12.00
# Visual Studio Version 16
VisualStudioVersion = 16.0.30204.135
MinimumVisualStudioVersion = 10.0.40219.1
Project("{FAE04EC0-301F-11D3-BF4B-00C04F79EFBC}") = "RefactoringChallenge", "RefactoringChallenge\RefactoringChallenge.csproj", "{F9A3444C-0BA9-49B8-B6B0-D26D30094B6D}"
EndProject
Project("{FAE04EC0-301F-11D3-BF4B-00C04F79EFBC}") = "RefactoringChallenge.Tests", "RefactoringChallenge.Tests\RefactoringChallenge.Tests.csproj", "{A69C2C57-128B-4D3B-9ACF-A68FBA92B375}"
EndProject
Global
	GlobalSection(SolutionConfigurationPlatforms) = preSolution
		Debug|Any CPU = Debug|Any CPU
		Release|Any CPU = Release|Any CPU
	EndGlobalSection
	GlobalSection(ProjectConfigurationPlatforms) = postSolution
		{F9A3444C-0BA9-49B8-B6B0-D26D30094B6D}.Debug|Any CPU.ActiveCfg = Debug|Any CPU
		{F9A3444C-0BA9-49B8-B6B0-D26D30094B6D}.Debug|Any CPU.Build.0 = Debug|Any CPU
		{F9A3444C-0BA9-49B8-B6B0-D26D30094B6D}.Release|Any CPU.ActiveCfg = Release|Any CPU
		{F9A3444C-0BA9-49B8-B6B0-D26D30094B6D}.Release|Any CPU.Build.0 = Release|Any CPU
		{A69C2C57-128B-4D3B-9ACF-A68FBA92B375}.Debug|Any CPU.ActiveCfg = Debug|Any CPU
		{A69C2C57-128B-4D3B-9ACF-A68FBA92B375}.Debug|Any CPU.Build.0 = Debug|Any CPU
		{A69C2C57-128B-4D3B-9ACF-A68FBA92B375}.Release|Any CPU.ActiveCfg = Release|Any CPU
		{A69C2C57-128B-4D3B-9ACF-A68FBA92B375}.Release|Any CPU.Build.0 = Release|Any CPU
	EndGlobalSection
	GlobalSection(SolutionProperties) = preSolution
		HideSolutionNode = FALSE
	EndGlobalSection
	GlobalSection(ExtensibilityGlobals) = postSolution
		SolutionGuid = {F3B4683E-141D-42CB-BDF8-EC4557C89204}
	EndGlobalSection
EndGlobal
